
Microsoft Visual Studio Solution File, Format Version 12.00
# Visual Studio Version 17
VisualStudioVersion = 17.5.002.0
MinimumVisualStudioVersion = 10.0.40219.1
Project("{2150E333-8FDC-42A3-9474-1A3956D46DE8}") = "csharp-prep", "csharp-prep", "{D7007CB7-49A1-4CD3-8965-266084E5972B}"
EndProject
Project("{9A19103F-16F7-4668-BE54-9A1E7A4F7556}") = "Prep1", "csharp-prep\Prep1\Prep1.csproj", "{123B99B2-78F9-4CA2-8258-485DDB0E9A6C}"
EndProject
Project("{9A19103F-16F7-4668-BE54-9A1E7A4F7556}") = "Prep2", "csharp-prep\Prep2\Prep2.csproj", "{9B63E134-05DE-49A0-A1E0-214727F1C95C}"
EndProject
Project("{9A19103F-16F7-4668-BE54-9A1E7A4F7556}") = "Prep3", "csharp-prep\Prep3\Prep3.csproj", "{B6CAC7A6-2195-43C9-BE1D-B7AD7B6B664B}"
EndProject
Project("{9A19103F-16F7-4668-BE54-9A1E7A4F7556}") = "Prep4", "csharp-prep\Prep4\Prep4.csproj", "{0416497F-6BBA-42BB-99EF-17F2E15B8FF3}"
EndProject
Project("{9A19103F-16F7-4668-BE54-9A1E7A4F7556}") = "Prep5", "csharp-prep\Prep5\Prep5.csproj", "{81F69430-C8DD-43F6-9F5E-861B2C0A0E81}"
EndProject
Project("{2150E333-8FDC-42A3-9474-1A3956D46DE8}") = "final", "final", "{3B524278-4214-4EF0-989D-DA4C85EAAB14}"
EndProject
Project("{9A19103F-16F7-4668-BE54-9A1E7A4F7556}") = "FinalProject", "final\FinalProject\FinalProject.csproj", "{4ABFE2A1-1FC0-4B75-92BC-CF4721EB2C9E}"
EndProject
Project("{9A19103F-16F7-4668-BE54-9A1E7A4F7556}") = "Foundation1", "final\Foundation1\Foundation1.csproj", "{20E5C9EC-A23F-47E2-BB15-BDC81B8010FF}"
EndProject
Project("{9A19103F-16F7-4668-BE54-9A1E7A4F7556}") = "Foundation2", "final\Foundation2\Foundation2.csproj", "{F77E4274-812A-4E72-BBE2-28D6204FF0A8}"
EndProject
Project("{9A19103F-16F7-4668-BE54-9A1E7A4F7556}") = "Foundation3", "final\Foundation3\Foundation3.csproj", "{3BC609C8-D74A-46FA-BACF-E8360DF89EAE}"
EndProject
Project("{9A19103F-16F7-4668-BE54-9A1E7A4F7556}") = "Foundation4", "final\Foundation4\Foundation4.csproj", "{E0EBAFA5-33E7-4B24-A420-B126902D8709}"
EndProject
Project("{2150E333-8FDC-42A3-9474-1A3956D46DE8}") = "prepare", "prepare", "{FA1BBC68-A2FE-483E-A1C4-463A826175FB}"
EndProject
Project("{9A19103F-16F7-4668-BE54-9A1E7A4F7556}") = "Learning02", "prepare\Learning02\Learning02.csproj", "{102DBBB6-5297-4819-A5FE-42371D14FC84}"
EndProject
Project("{9A19103F-16F7-4668-BE54-9A1E7A4F7556}") = "Learning03", "prepare\Learning03\Learning03.csproj", "{0610934B-1382-4CC5-9802-4F37624089AC}"
EndProject
Project("{9A19103F-16F7-4668-BE54-9A1E7A4F7556}") = "Learning04", "prepare\Learning04\Learning04.csproj", "{08023CEE-FA09-463F-ACCB-9C0DDE56472B}"
EndProject
Project("{9A19103F-16F7-4668-BE54-9A1E7A4F7556}") = "Learning05", "prepare\Learning05\Learning05.csproj", "{4FBEE962-51A9-4F33-AEEB-7DF1A49483A2}"
EndProject
Project("{2150E333-8FDC-42A3-9474-1A3956D46DE8}") = "prove", "prove", "{A2B02E5C-2798-49F5-BCB7-D956B0A8B7A5}"
EndProject
Project("{9A19103F-16F7-4668-BE54-9A1E7A4F7556}") = "Develop02", "prove\Develop02\Develop02.csproj", "{0A5C93D7-74A7-4B61-A80E-D9191C641FA7}"
EndProject
Project("{9A19103F-16F7-4668-BE54-9A1E7A4F7556}") = "Develop03", "prove\Develop03\Develop03.csproj", "{8F9F4B5B-5A8E-46DA-A40D-9BBC4750E5DA}"
EndProject
Project("{9A19103F-16F7-4668-BE54-9A1E7A4F7556}") = "Develop04", "prove\Develop04\Develop04.csproj", "{20A3060D-A583-41AD-8EDE-01D54572AB09}"
EndProject
Project("{9A19103F-16F7-4668-BE54-9A1E7A4F7556}") = "Develop05", "prove\Develop05\Develop05.csproj", "{182911E1-670A-4E05-9432-59050F119186}"
EndProject
Project("{2150E333-8FDC-42A3-9474-1A3956D46DE8}") = "sandbox", "sandbox", "{0CA0F88C-BBBE-407D-8CC0-ECBD31BF8A7A}"
EndProject
Project("{9A19103F-16F7-4668-BE54-9A1E7A4F7556}") = "Sandbox", "sandbox\Sandbox\Sandbox.csproj", "{A0D1D24A-A956-4E4B-BC3E-0D760E6497CF}"
EndProject
Global
	GlobalSection(SolutionConfigurationPlatforms) = preSolution
		Debug|Any CPU = Debug|Any CPU
		Release|Any CPU = Release|Any CPU
	EndGlobalSection
	GlobalSection(ProjectConfigurationPlatforms) = postSolution
		{123B99B2-78F9-4CA2-8258-485DDB0E9A6C}.Debug|Any CPU.ActiveCfg = Debug|Any CPU
		{123B99B2-78F9-4CA2-8258-485DDB0E9A6C}.Debug|Any CPU.Build.0 = Debug|Any CPU
		{123B99B2-78F9-4CA2-8258-485DDB0E9A6C}.Release|Any CPU.ActiveCfg = Release|Any CPU
		{123B99B2-78F9-4CA2-8258-485DDB0E9A6C}.Release|Any CPU.Build.0 = Release|Any CPU
		{9B63E134-05DE-49A0-A1E0-214727F1C95C}.Debug|Any CPU.ActiveCfg = Debug|Any CPU
		{9B63E134-05DE-49A0-A1E0-214727F1C95C}.Debug|Any CPU.Build.0 = Debug|Any CPU
		{9B63E134-05DE-49A0-A1E0-214727F1C95C}.Release|Any CPU.ActiveCfg = Release|Any CPU
		{9B63E134-05DE-49A0-A1E0-214727F1C95C}.Release|Any CPU.Build.0 = Release|Any CPU
		{B6CAC7A6-2195-43C9-BE1D-B7AD7B6B664B}.Debug|Any CPU.ActiveCfg = Debug|Any CPU
		{B6CAC7A6-2195-43C9-BE1D-B7AD7B6B664B}.Debug|Any CPU.Build.0 = Debug|Any CPU
		{B6CAC7A6-2195-43C9-BE1D-B7AD7B6B664B}.Release|Any CPU.ActiveCfg = Release|Any CPU
		{B6CAC7A6-2195-43C9-BE1D-B7AD7B6B664B}.Release|Any CPU.Build.0 = Release|Any CPU
		{0416497F-6BBA-42BB-99EF-17F2E15B8FF3}.Debug|Any CPU.ActiveCfg = Debug|Any CPU
		{0416497F-6BBA-42BB-99EF-17F2E15B8FF3}.Debug|Any CPU.Build.0 = Debug|Any CPU
		{0416497F-6BBA-42BB-99EF-17F2E15B8FF3}.Release|Any CPU.ActiveCfg = Release|Any CPU
		{0416497F-6BBA-42BB-99EF-17F2E15B8FF3}.Release|Any CPU.Build.0 = Release|Any CPU
		{81F69430-C8DD-43F6-9F5E-861B2C0A0E81}.Debug|Any CPU.ActiveCfg = Debug|Any CPU
		{81F69430-C8DD-43F6-9F5E-861B2C0A0E81}.Debug|Any CPU.Build.0 = Debug|Any CPU
		{81F69430-C8DD-43F6-9F5E-861B2C0A0E81}.Release|Any CPU.ActiveCfg = Release|Any CPU
		{81F69430-C8DD-43F6-9F5E-861B2C0A0E81}.Release|Any CPU.Build.0 = Release|Any CPU
		{4ABFE2A1-1FC0-4B75-92BC-CF4721EB2C9E}.Debug|Any CPU.ActiveCfg = Debug|Any CPU
		{4ABFE2A1-1FC0-4B75-92BC-CF4721EB2C9E}.Debug|Any CPU.Build.0 = Debug|Any CPU
		{4ABFE2A1-1FC0-4B75-92BC-CF4721EB2C9E}.Release|Any CPU.ActiveCfg = Release|Any CPU
		{4ABFE2A1-1FC0-4B75-92BC-CF4721EB2C9E}.Release|Any CPU.Build.0 = Release|Any CPU
		{20E5C9EC-A23F-47E2-BB15-BDC81B8010FF}.Debug|Any CPU.ActiveCfg = Debug|Any CPU
		{20E5C9EC-A23F-47E2-BB15-BDC81B8010FF}.Debug|Any CPU.Build.0 = Debug|Any CPU
		{20E5C9EC-A23F-47E2-BB15-BDC81B8010FF}.Release|Any CPU.ActiveCfg = Release|Any CPU
		{20E5C9EC-A23F-47E2-BB15-BDC81B8010FF}.Release|Any CPU.Build.0 = Release|Any CPU
		{F77E4274-812A-4E72-BBE2-28D6204FF0A8}.Debug|Any CPU.ActiveCfg = Debug|Any CPU
		{F77E4274-812A-4E72-BBE2-28D6204FF0A8}.Debug|Any CPU.Build.0 = Debug|Any CPU
		{F77E4274-812A-4E72-BBE2-28D6204FF0A8}.Release|Any CPU.ActiveCfg = Release|Any CPU
		{F77E4274-812A-4E72-BBE2-28D6204FF0A8}.Release|Any CPU.Build.0 = Release|Any CPU
		{3BC609C8-D74A-46FA-BACF-E8360DF89EAE}.Debug|Any CPU.ActiveCfg = Debug|Any CPU
		{3BC609C8-D74A-46FA-BACF-E8360DF89EAE}.Debug|Any CPU.Build.0 = Debug|Any CPU
		{3BC609C8-D74A-46FA-BACF-E8360DF89EAE}.Release|Any CPU.ActiveCfg = Release|Any CPU
		{3BC609C8-D74A-46FA-BACF-E8360DF89EAE}.Release|Any CPU.Build.0 = Release|Any CPU
		{E0EBAFA5-33E7-4B24-A420-B126902D8709}.Debug|Any CPU.ActiveCfg = Debug|Any CPU
		{E0EBAFA5-33E7-4B24-A420-B126902D8709}.Debug|Any CPU.Build.0 = Debug|Any CPU
		{E0EBAFA5-33E7-4B24-A420-B126902D8709}.Release|Any CPU.ActiveCfg = Release|Any CPU
		{E0EBAFA5-33E7-4B24-A420-B126902D8709}.Release|Any CPU.Build.0 = Release|Any CPU
		{102DBBB6-5297-4819-A5FE-42371D14FC84}.Debug|Any CPU.ActiveCfg = Debug|Any CPU
		{102DBBB6-5297-4819-A5FE-42371D14FC84}.Debug|Any CPU.Build.0 = Debug|Any CPU
		{102DBBB6-5297-4819-A5FE-42371D14FC84}.Release|Any CPU.ActiveCfg = Release|Any CPU
		{102DBBB6-5297-4819-A5FE-42371D14FC84}.Release|Any CPU.Build.0 = Release|Any CPU
		{0610934B-1382-4CC5-9802-4F37624089AC}.Debug|Any CPU.ActiveCfg = Debug|Any CPU
		{0610934B-1382-4CC5-9802-4F37624089AC}.Debug|Any CPU.Build.0 = Debug|Any CPU
		{0610934B-1382-4CC5-9802-4F37624089AC}.Release|Any CPU.ActiveCfg = Release|Any CPU
		{0610934B-1382-4CC5-9802-4F37624089AC}.Release|Any CPU.Build.0 = Release|Any CPU
		{08023CEE-FA09-463F-ACCB-9C0DDE56472B}.Debug|Any CPU.ActiveCfg = Debug|Any CPU
		{08023CEE-FA09-463F-ACCB-9C0DDE56472B}.Debug|Any CPU.Build.0 = Debug|Any CPU
		{08023CEE-FA09-463F-ACCB-9C0DDE56472B}.Release|Any CPU.ActiveCfg = Release|Any CPU
		{08023CEE-FA09-463F-ACCB-9C0DDE56472B}.Release|Any CPU.Build.0 = Release|Any CPU
		{4FBEE962-51A9-4F33-AEEB-7DF1A49483A2}.Debug|Any CPU.ActiveCfg = Debug|Any CPU
		{4FBEE962-51A9-4F33-AEEB-7DF1A49483A2}.Debug|Any CPU.Build.0 = Debug|Any CPU
		{4FBEE962-51A9-4F33-AEEB-7DF1A49483A2}.Release|Any CPU.ActiveCfg = Release|Any CPU
		{4FBEE962-51A9-4F33-AEEB-7DF1A49483A2}.Release|Any CPU.Build.0 = Release|Any CPU
		{0A5C93D7-74A7-4B61-A80E-D9191C641FA7}.Debug|Any CPU.ActiveCfg = Debug|Any CPU
		{0A5C93D7-74A7-4B61-A80E-D9191C641FA7}.Debug|Any CPU.Build.0 = Debug|Any CPU
		{0A5C93D7-74A7-4B61-A80E-D9191C641FA7}.Release|Any CPU.ActiveCfg = Release|Any CPU
		{0A5C93D7-74A7-4B61-A80E-D9191C641FA7}.Release|Any CPU.Build.0 = Release|Any CPU
		{8F9F4B5B-5A8E-46DA-A40D-9BBC4750E5DA}.Debug|Any CPU.ActiveCfg = Debug|Any CPU
		{8F9F4B5B-5A8E-46DA-A40D-9BBC4750E5DA}.Debug|Any CPU.Build.0 = Debug|Any CPU
		{8F9F4B5B-5A8E-46DA-A40D-9BBC4750E5DA}.Release|Any CPU.ActiveCfg = Release|Any CPU
		{8F9F4B5B-5A8E-46DA-A40D-9BBC4750E5DA}.Release|Any CPU.Build.0 = Release|Any CPU
		{20A3060D-A583-41AD-8EDE-01D54572AB09}.Debug|Any CPU.ActiveCfg = Debug|Any CPU
		{20A3060D-A583-41AD-8EDE-01D54572AB09}.Debug|Any CPU.Build.0 = Debug|Any CPU
		{20A3060D-A583-41AD-8EDE-01D54572AB09}.Release|Any CPU.ActiveCfg = Release|Any CPU
		{20A3060D-A583-41AD-8EDE-01D54572AB09}.Release|Any CPU.Build.0 = Release|Any CPU
		{182911E1-670A-4E05-9432-59050F119186}.Debug|Any CPU.ActiveCfg = Debug|Any CPU
		{182911E1-670A-4E05-9432-59050F119186}.Debug|Any CPU.Build.0 = Debug|Any CPU
		{182911E1-670A-4E05-9432-59050F119186}.Release|Any CPU.ActiveCfg = Release|Any CPU
		{182911E1-670A-4E05-9432-59050F119186}.Release|Any CPU.Build.0 = Release|Any CPU
		{A0D1D24A-A956-4E4B-BC3E-0D760E6497CF}.Debug|Any CPU.ActiveCfg = Debug|Any CPU
		{A0D1D24A-A956-4E4B-BC3E-0D760E6497CF}.Debug|Any CPU.Build.0 = Debug|Any CPU
		{A0D1D24A-A956-4E4B-BC3E-0D760E6497CF}.Release|Any CPU.ActiveCfg = Release|Any CPU
		{A0D1D24A-A956-4E4B-BC3E-0D760E6497CF}.Release|Any CPU.Build.0 = Release|Any CPU
	EndGlobalSection
	GlobalSection(SolutionProperties) = preSolution
		HideSolutionNode = FALSE
	EndGlobalSection
	GlobalSection(NestedProjects) = preSolution
		{123B99B2-78F9-4CA2-8258-485DDB0E9A6C} = {D7007CB7-49A1-4CD3-8965-266084E5972B}
		{9B63E134-05DE-49A0-A1E0-214727F1C95C} = {D7007CB7-49A1-4CD3-8965-266084E5972B}
		{B6CAC7A6-2195-43C9-BE1D-B7AD7B6B664B} = {D7007CB7-49A1-4CD3-8965-266084E5972B}
		{0416497F-6BBA-42BB-99EF-17F2E15B8FF3} = {D7007CB7-49A1-4CD3-8965-266084E5972B}
		{81F69430-C8DD-43F6-9F5E-861B2C0A0E81} = {D7007CB7-49A1-4CD3-8965-266084E5972B}
		{4ABFE2A1-1FC0-4B75-92BC-CF4721EB2C9E} = {3B524278-4214-4EF0-989D-DA4C85EAAB14}
		{20E5C9EC-A23F-47E2-BB15-BDC81B8010FF} = {3B524278-4214-4EF0-989D-DA4C85EAAB14}
		{F77E4274-812A-4E72-BBE2-28D6204FF0A8} = {3B524278-4214-4EF0-989D-DA4C85EAAB14}
		{3BC609C8-D74A-46FA-BACF-E8360DF89EAE} = {3B524278-4214-4EF0-989D-DA4C85EAAB14}
		{E0EBAFA5-33E7-4B24-A420-B126902D8709} = {3B524278-4214-4EF0-989D-DA4C85EAAB14}
		{102DBBB6-5297-4819-A5FE-42371D14FC84} = {FA1BBC68-A2FE-483E-A1C4-463A826175FB}
		{0610934B-1382-4CC5-9802-4F37624089AC} = {FA1BBC68-A2FE-483E-A1C4-463A826175FB}
		{08023CEE-FA09-463F-ACCB-9C0DDE56472B} = {FA1BBC68-A2FE-483E-A1C4-463A826175FB}
		{4FBEE962-51A9-4F33-AEEB-7DF1A49483A2} = {FA1BBC68-A2FE-483E-A1C4-463A826175FB}
		{0A5C93D7-74A7-4B61-A80E-D9191C641FA7} = {A2B02E5C-2798-49F5-BCB7-D956B0A8B7A5}
		{8F9F4B5B-5A8E-46DA-A40D-9BBC4750E5DA} = {A2B02E5C-2798-49F5-BCB7-D956B0A8B7A5}
		{20A3060D-A583-41AD-8EDE-01D54572AB09} = {A2B02E5C-2798-49F5-BCB7-D956B0A8B7A5}
		{182911E1-670A-4E05-9432-59050F119186} = {A2B02E5C-2798-49F5-BCB7-D956B0A8B7A5}
		{A0D1D24A-A956-4E4B-BC3E-0D760E6497CF} = {0CA0F88C-BBBE-407D-8CC0-ECBD31BF8A7A}
	EndGlobalSection
	GlobalSection(ExtensibilityGlobals) = postSolution
		SolutionGuid = {58AE4A1F-7FAC-445B-9A4B-398BD2536AB3}
	EndGlobalSection
EndGlobal
